
Microsoft Visual Studio Solution File, Format Version 12.00
# Visual Studio Version 17
VisualStudioVersion = 17.3.32811.315
MinimumVisualStudioVersion = 10.0.40219.1
Project("{FAE04EC0-301F-11D3-BF4B-00C04F79EFBC}") = "Shoes", "Shoes\Shoes.csproj", "{CD23178C-2332-4423-80DB-0ECB78F57DB6}"
EndProject
Global
	GlobalSection(SolutionConfigurationPlatforms) = preSolution
		Debug|Any CPU = Debug|Any CPU
		Release|Any CPU = Release|Any CPU
	EndGlobalSection
	GlobalSection(ProjectConfigurationPlatforms) = postSolution
		{CD23178C-2332-4423-80DB-0ECB78F57DB6}.Debug|Any CPU.ActiveCfg = Debug|Any CPU
		{CD23178C-2332-4423-80DB-0ECB78F57DB6}.Debug|Any CPU.Build.0 = Debug|Any CPU
		{CD23178C-2332-4423-80DB-0ECB78F57DB6}.Release|Any CPU.ActiveCfg = Release|Any CPU
		{CD23178C-2332-4423-80DB-0ECB78F57DB6}.Release|Any CPU.Build.0 = Release|Any CPU
	EndGlobalSection
	GlobalSection(SolutionProperties) = preSolution
		HideSolutionNode = FALSE
	EndGlobalSection
	GlobalSection(ExtensibilityGlobals) = postSolution
		SolutionGuid = {6887254C-AB59-4214-90EE-3EF76DAEF5EB}
	EndGlobalSection
EndGlobal
